// !$*UTF8*$!
{
	archiveVersion = 1;
	classes = {
	};
	objectVersion = 46;
	objects = {

/* Begin PBXBuildFile section */
		938700B61DDB63F4003941DB /* level1.txt in Resources */ = {isa = PBXBuildFile; fileRef = 938700B51DDB63F4003941DB /* level1.txt */; };
		938700B81DDB63FD003941DB /* level2.txt in Resources */ = {isa = PBXBuildFile; fileRef = 938700B71DDB63FD003941DB /* level2.txt */; };
		93A2966D1DDAAFE10089FB64 /* AppDelegate.swift in Sources */ = {isa = PBXBuildFile; fileRef = 93A2966C1DDAAFE10089FB64 /* AppDelegate.swift */; };
		93A2966F1DDAAFE10089FB64 /* ViewController.swift in Sources */ = {isa = PBXBuildFile; fileRef = 93A2966E1DDAAFE10089FB64 /* ViewController.swift */; };
		93A296721DDAAFE10089FB64 /* Main.storyboard in Resources */ = {isa = PBXBuildFile; fileRef = 93A296701DDAAFE10089FB64 /* Main.storyboard */; };
		93A296741DDAAFE10089FB64 /* Assets.xcassets in Resources */ = {isa = PBXBuildFile; fileRef = 93A296731DDAAFE10089FB64 /* Assets.xcassets */; };
		93A296771DDAAFE10089FB64 /* LaunchScreen.storyboard in Resources */ = {isa = PBXBuildFile; fileRef = 93A296751DDAAFE10089FB64 /* LaunchScreen.storyboard */; };
/* End PBXBuildFile section */

/* Begin PBXFileReference section */
		938700B51DDB63F4003941DB /* level1.txt */ = {isa = PBXFileReference; fileEncoding = 4; lastKnownFileType = text; path = level1.txt; sourceTree = "<group>"; };
		938700B71DDB63FD003941DB /* level2.txt */ = {isa = PBXFileReference; fileEncoding = 4; lastKnownFileType = text; path = level2.txt; sourceTree = "<group>"; };
		93A296691DDAAFE10089FB64 /* Swifty Words.app */ = {isa = PBXFileReference; explicitFileType = wrapper.application; includeInIndex = 0; path = "Swifty Words.app"; sourceTree = BUILT_PRODUCTS_DIR; };
		93A2966C1DDAAFE10089FB64 /* AppDelegate.swift */ = {isa = PBXFileReference; lastKnownFileType = sourcecode.swift; path = AppDelegate.swift; sourceTree = "<group>"; };
		93A2966E1DDAAFE10089FB64 /* ViewController.swift */ = {isa = PBXFileReference; lastKnownFileType = sourcecode.swift; path = ViewController.swift; sourceTree = "<group>"; };
		93A296711DDAAFE10089FB64 /* Base */ = {isa = PBXFileReference; lastKnownFileType = file.storyboard; name = Base; path = Base.lproj/Main.storyboard; sourceTree = "<group>"; };
		93A296731DDAAFE10089FB64 /* Assets.xcassets */ = {isa = PBXFileReference; lastKnownFileType = folder.assetcatalog; path = Assets.xcassets; sourceTree = "<group>"; };
		93A296761DDAAFE10089FB64 /* Base */ = {isa = PBXFileReference; lastKnownFileType = file.storyboard; name = Base; path = Base.lproj/LaunchScreen.storyboard; sourceTree = "<group>"; };
		93A296781DDAAFE10089FB64 /* Info.plist */ = {isa = PBXFileReference; lastKnownFileType = text.plist.xml; path = Info.plist; sourceTree = "<group>"; };
/* End PBXFileReference section */

/* Begin PBXFrameworksBuildPhase section */
		93A296661DDAAFE10089FB64 /* Frameworks */ = {
			isa = PBXFrameworksBuildPhase;
			buildActionMask = 2147483647;
			files = (
			);
			runOnlyForDeploymentPostprocessing = 0;
		};
/* End PBXFrameworksBuildPhase section */

/* Begin PBXGroup section */
		93A296601DDAAFE10089FB64 = {
			isa = PBXGroup;
			children = (
				93A2966B1DDAAFE10089FB64 /* Swifty Words */,
				93A2966A1DDAAFE10089FB64 /* Products */,
			);
			sourceTree = "<group>";
		};
		93A2966A1DDAAFE10089FB64 /* Products */ = {
			isa = PBXGroup;
			children = (
				93A296691DDAAFE10089FB64 /* Swifty Words.app */,
			);
			name = Products;
			sourceTree = "<group>";
		};
		93A2966B1DDAAFE10089FB64 /* Swifty Words */ = {
			isa = PBXGroup;
			children = (
				93A2966C1DDAAFE10089FB64 /* AppDelegate.swift */,
				93A2966E1DDAAFE10089FB64 /* ViewController.swift */,
				93A296701DDAAFE10089FB64 /* Main.storyboard */,
				93A296731DDAAFE10089FB64 /* Assets.xcassets */,
				93A296751DDAAFE10089FB64 /* LaunchScreen.storyboard */,
				93A296781DDAAFE10089FB64 /* Info.plist */,
				938700B51DDB63F4003941DB /* level1.txt */,
				938700B71DDB63FD003941DB /* level2.txt */,
			);
			path = "Swifty Words";
			sourceTree = "<group>";
		};
/* End PBXGroup section */

/* Begin PBXNativeTarget section */
		93A296681DDAAFE10089FB64 /* Swifty Words */ = {
			isa = PBXNativeTarget;
			buildConfigurationList = 93A2967B1DDAAFE10089FB64 /* Build configuration list for PBXNativeTarget "Swifty Words" */;
			buildPhases = (
				93A296651DDAAFE10089FB64 /* Sources */,
				93A296661DDAAFE10089FB64 /* Frameworks */,
				93A296671DDAAFE10089FB64 /* Resources */,
			);
			buildRules = (
			);
			dependencies = (
			);
			name = "Swifty Words";
			productName = "Swifty Words";
			productReference = 93A296691DDAAFE10089FB64 /* Swifty Words.app */;
			productType = "com.apple.product-type.application";
		};
/* End PBXNativeTarget section */

/* Begin PBXProject section */
		93A296611DDAAFE10089FB64 /* Project object */ = {
			isa = PBXProject;
			attributes = {
				LastSwiftUpdateCheck = 0810;
				LastUpgradeCheck = 0810;
				ORGANIZATIONNAME = Sarva;
				TargetAttributes = {
					93A296681DDAAFE10089FB64 = {
						CreatedOnToolsVersion = 8.1;
						ProvisioningStyle = Automatic;
					};
				};
			};
			buildConfigurationList = 93A296641DDAAFE10089FB64 /* Build configuration list for PBXProject "Swifty Words" */;
			compatibilityVersion = "Xcode 3.2";
			developmentRegion = English;
			hasScannedForEncodings = 0;
			knownRegions = (
				en,
				Base,
			);
			mainGroup = 93A296601DDAAFE10089FB64;
			productRefGroup = 93A2966A1DDAAFE10089FB64 /* Products */;
			projectDirPath = "";
			projectRoot = "";
			targets = (
				93A296681DDAAFE10089FB64 /* Swifty Words */,
			);
		};
/* End PBXProject section */

/* Begin PBXResourcesBuildPhase section */
		93A296671DDAAFE10089FB64 /* Resources */ = {
			isa = PBXResourcesBuildPhase;
			buildActionMask = 2147483647;
			files = (
				938700B81DDB63FD003941DB /* level2.txt in Resources */,
				93A296771DDAAFE10089FB64 /* LaunchScreen.storyboard in Resources */,
				938700B61DDB63F4003941DB /* level1.txt in Resources */,
				93A296741DDAAFE10089FB64 /* Assets.xcassets in Resources */,
				93A296721DDAAFE10089FB64 /* Main.storyboard in Resources */,
			);
			runOnlyForDeploymentPostprocessing = 0;
		};
/* End PBXResourcesBuildPhase section */

/* Begin PBXSourcesBuildPhase section */
		93A296651DDAAFE10089FB64 /* Sources */ = {
			isa = PBXSourcesBuildPhase;
			buildActionMask = 2147483647;
			files = (
				93A2966F1DDAAFE10089FB64 /* ViewController.swift in Sources */,
				93A2966D1DDAAFE10089FB64 /* AppDelegate.swift in Sources */,
			);
			runOnlyForDeploymentPostprocessing = 0;
		};
/* End PBXSourcesBuildPhase section */

/* Begin PBXVariantGroup section */
		93A296701DDAAFE10089FB64 /* Main.storyboard */ = {
			isa = PBXVariantGroup;
			children = (
				93A296711DDAAFE10089FB64 /* Base */,
			);
			name = Main.storyboard;
			sourceTree = "<group>";
		};
		93A296751DDAAFE10089FB64 /* LaunchScreen.storyboard */ = {
			isa = PBXVariantGroup;
			children = (
				93A296761DDAAFE10089FB64 /* Base */,
			);
			name = LaunchScreen.storyboard;
			sourceTree = "<group>";
		};
/* End PBXVariantGroup section */

/* Begin XCBuildConfiguration section */
		93A296791DDAAFE10089FB64 /* Debug */ = {
			isa = XCBuildConfiguration;
			buildSettings = {
				ALWAYS_SEARCH_USER_PATHS = NO;
				CLANG_ANALYZER_NONNULL = YES;
				CLANG_CXX_LANGUAGE_STANDARD = "gnu++0x";
				CLANG_CXX_LIBRARY = "libc++";
				CLANG_ENABLE_MODULES = YES;
				CLANG_ENABLE_OBJC_ARC = YES;
				CLANG_WARN_BOOL_CONVERSION = YES;
				CLANG_WARN_CONSTANT_CONVERSION = YES;
				CLANG_WARN_DIRECT_OBJC_ISA_USAGE = YES_ERROR;
				CLANG_WARN_DOCUMENTATION_COMMENTS = YES;
				CLANG_WARN_EMPTY_BODY = YES;
				CLANG_WARN_ENUM_CONVERSION = YES;
				CLANG_WARN_INFINITE_RECURSION = YES;
				CLANG_WARN_INT_CONVERSION = YES;
				CLANG_WARN_OBJC_ROOT_CLASS = YES_ERROR;
				CLANG_WARN_SUSPICIOUS_MOVES = YES;
				CLANG_WARN_UNREACHABLE_CODE = YES;
				CLANG_WARN__DUPLICATE_METHOD_MATCH = YES;
				"CODE_SIGN_IDENTITY[sdk=iphoneos*]" = "iPhone Developer";
				COPY_PHASE_STRIP = NO;
				DEBUG_INFORMATION_FORMAT = dwarf;
				ENABLE_STRICT_OBJC_MSGSEND = YES;
				ENABLE_TESTABILITY = YES;
				GCC_C_LANGUAGE_STANDARD = gnu99;
				GCC_DYNAMIC_NO_PIC = NO;
				GCC_NO_COMMON_BLOCKS = YES;
				GCC_OPTIMIZATION_LEVEL = 0;
				GCC_PREPROCESSOR_DEFINITIONS = (
					"DEBUG=1",
					"$(inherited)",
				);
				GCC_WARN_64_TO_32_BIT_CONVERSION = YES;
				GCC_WARN_ABOUT_RETURN_TYPE = YES_ERROR;
				GCC_WARN_UNDECLARED_SELECTOR = YES;
				GCC_WARN_UNINITIALIZED_AUTOS = YES_AGGRESSIVE;
				GCC_WARN_UNUSED_FUNCTION = YES;
				GCC_WARN_UNUSED_VARIABLE = YES;
				IPHONEOS_DEPLOYMENT_TARGET = 10.1;
				MTL_ENABLE_DEBUG_INFO = YES;
				ONLY_ACTIVE_ARCH = YES;
				SDKROOT = iphoneos;
				SWIFT_ACTIVE_COMPILATION_CONDITIONS = DEBUG;
				SWIFT_OPTIMIZATION_LEVEL = "-Onone";
				TARGETED_DEVICE_FAMILY = 2;
			};
			name = Debug;
		};
		93A2967A1DDAAFE10089FB64 /* Release */ = {
			isa = XCBuildConfiguration;
			buildSettings = {
				ALWAYS_SEARCH_USER_PATHS = NO;
				CLANG_ANALYZER_NONNULL = YES;
				CLANG_CXX_LANGUAGE_STANDARD = "gnu++0x";
				CLANG_CXX_LIBRARY = "libc++";
				CLANG_ENABLE_MODULES = YES;
				CLANG_ENABLE_OBJC_ARC = YES;
				CLANG_WARN_BOOL_CONVERSION = YES;
				CLANG_WARN_CONSTANT_CONVERSION = YES;
				CLANG_WARN_DIRECT_OBJC_ISA_USAGE = YES_ERROR;
				CLANG_WARN_DOCUMENTATION_COMMENTS = YES;
				CLANG_WARN_EMPTY_BODY = YES;
				CLANG_WARN_ENUM_CONVERSION = YES;
				CLANG_WARN_INFINITE_RECURSION = YES;
				CLANG_WARN_INT_CONVERSION = YES;
				CLANG_WARN_OBJC_ROOT_CLASS = YES_ERROR;
				CLANG_WARN_SUSPICIOUS_MOVES = YES;
				CLANG_WARN_UNREACHABLE_CODE = YES;
				CLANG_WARN__DUPLICATE_METHOD_MATCH = YES;
				"CODE_SIGN_IDENTITY[sdk=iphoneos*]" = "iPhone Developer";
				COPY_PHASE_STRIP = NO;
				DEBUG_INFORMATION_FORMAT = "dwarf-with-dsym";
				ENABLE_NS_ASSERTIONS = NO;
				ENABLE_STRICT_OBJC_MSGSEND = YES;
				GCC_C_LANGUAGE_STANDARD = gnu99;
				GCC_NO_COMMON_BLOCKS = YES;
				GCC_WARN_64_TO_32_BIT_CONVERSION = YES;
				GCC_WARN_ABOUT_RETURN_TYPE = YES_ERROR;
				GCC_WARN_UNDECLARED_SELECTOR = YES;
				GCC_WARN_UNINITIALIZED_AUTOS = YES_AGGRESSIVE;
				GCC_WARN_UNUSED_FUNCTION = YES;
				GCC_WARN_UNUSED_VARIABLE = YES;
				IPHONEOS_DEPLOYMENT_TARGET = 10.1;
				MTL_ENABLE_DEBUG_INFO = NO;
				SDKROOT = iphoneos;
				SWIFT_OPTIMIZATION_LEVEL = "-Owholemodule";
				TARGETED_DEVICE_FAMILY = 2;
				VALIDATE_PRODUCT = YES;
			};
			name = Release;
		};
		93A2967C1DDAAFE10089FB64 /* Debug */ = {
			isa = XCBuildConfiguration;
			buildSettings = {
				ASSETCATALOG_COMPILER_APPICON_NAME = AppIcon;
				INFOPLIST_FILE = "Swifty Words/Info.plist";
				LD_RUNPATH_SEARCH_PATHS = "$(inherited) @executable_path/Frameworks";
				PRODUCT_BUNDLE_IDENTIFIER = "com.sarva.Swifty-Words";
				PRODUCT_NAME = "$(TARGET_NAME)";
				SWIFT_VERSION = 3.0;
			};
			name = Debug;
		};
		93A2967D1DDAAFE10089FB64 /* Release */ = {
			isa = XCBuildConfiguration;
			buildSettings = {
				ASSETCATALOG_COMPILER_APPICON_NAME = AppIcon;
				INFOPLIST_FILE = "Swifty Words/Info.plist";
				LD_RUNPATH_SEARCH_PATHS = "$(inherited) @executable_path/Frameworks";
				PRODUCT_BUNDLE_IDENTIFIER = "com.sarva.Swifty-Words";
				PRODUCT_NAME = "$(TARGET_NAME)";
				SWIFT_VERSION = 3.0;
			};
			name = Release;
		};
/* End XCBuildConfiguration section */

/* Begin XCConfigurationList section */
		93A296641DDAAFE10089FB64 /* Build configuration list for PBXProject "Swifty Words" */ = {
			isa = XCConfigurationList;
			buildConfigurations = (
				93A296791DDAAFE10089FB64 /* Debug */,
				93A2967A1DDAAFE10089FB64 /* Release */,
			);
			defaultConfigurationIsVisible = 0;
			defaultConfigurationName = Release;
		};
		93A2967B1DDAAFE10089FB64 /* Build configuration list for PBXNativeTarget "Swifty Words" */ = {
			isa = XCConfigurationList;
			buildConfigurations = (
				93A2967C1DDAAFE10089FB64 /* Debug */,
				93A2967D1DDAAFE10089FB64 /* Release */,
			);
			defaultConfigurationIsVisible = 0;
			defaultConfigurationName = Release;
		};
/* End XCConfigurationList section */
	};
	rootObject = 93A296611DDAAFE10089FB64 /* Project object */;
}
